
Microsoft Visual Studio Solution File, Format Version 12.00
# Visual Studio Version 16
VisualStudioVersion = 16.0.30011.22
MinimumVisualStudioVersion = 10.0.40219.1
Project("{FAE04EC0-301F-11D3-BF4B-00C04F79EFBC}") = "teste2", "teste2\teste2.csproj", "{CF8CEA6A-2C0C-4FD9-93E4-00E7CF6DF47D}"
EndProject
Global
	GlobalSection(SolutionConfigurationPlatforms) = preSolution
		Debug|Any CPU = Debug|Any CPU
		Release|Any CPU = Release|Any CPU
	EndGlobalSection
	GlobalSection(ProjectConfigurationPlatforms) = postSolution
		{CF8CEA6A-2C0C-4FD9-93E4-00E7CF6DF47D}.Debug|Any CPU.ActiveCfg = Debug|Any CPU
		{CF8CEA6A-2C0C-4FD9-93E4-00E7CF6DF47D}.Debug|Any CPU.Build.0 = Debug|Any CPU
		{CF8CEA6A-2C0C-4FD9-93E4-00E7CF6DF47D}.Release|Any CPU.ActiveCfg = Release|Any CPU
		{CF8CEA6A-2C0C-4FD9-93E4-00E7CF6DF47D}.Release|Any CPU.Build.0 = Release|Any CPU
	EndGlobalSection
	GlobalSection(SolutionProperties) = preSolution
		HideSolutionNode = FALSE
	EndGlobalSection
	GlobalSection(ExtensibilityGlobals) = postSolution
		SolutionGuid = {E6FD5D31-8C0D-4041-B2D1-F8ED00A5C46A}
	EndGlobalSection
EndGlobal
